
Microsoft Visual Studio Solution File, Format Version 12.00
# Visual Studio Version 17
VisualStudioVersion = 17.8.34330.188
MinimumVisualStudioVersion = 10.0.40219.1
Project("{8BC9CEB8-8B4A-11D0-8D11-00A0C91BC942}") = "Inheritance", "Inheritance\Inheritance.vcxproj", "{DAB024DA-51AA-4585-B655-CC48D85796DF}"
EndProject
Project("{8BC9CEB8-8B4A-11D0-8D11-00A0C91BC942}") = "Academy", "Academy\Academy.vcxproj", "{26652B2A-DEAD-4C5C-B177-272217244A99}"
EndProject
Project("{8BC9CEB8-8B4A-11D0-8D11-00A0C91BC942}") = "Files", "Files\Files.vcxproj", "{4EF1A494-71FA-488B-9290-4620E020D246}"
EndProject
Project("{8BC9CEB8-8B4A-11D0-8D11-00A0C91BC942}") = "AbstractBaseClass", "AbstractBaseClass\AbstractBaseClass.vcxproj", "{FCB17D44-D819-437B-8D6F-14BAB6C77AB7}"
EndProject
Project("{8BC9CEB8-8B4A-11D0-8D11-00A0C91BC942}") = "AbstractGeometry", "AbstractGeometry\AbstractGeometry.vcxproj", "{EE2F61FA-B1A1-43A5-8B09-63FB1E0611C5}"
EndProject
Project("{8BC9CEB8-8B4A-11D0-8D11-00A0C91BC942}") = "AbstractGeometryHARD", "AbstractGeometryHARD\AbstractGeometryHARD.vcxproj", "{4BBB7DF2-37E2-4538-B30E-810F86B87295}"
EndProject
Global
	GlobalSection(SolutionConfigurationPlatforms) = preSolution
		Debug|x64 = Debug|x64
		Debug|x86 = Debug|x86
		Release|x64 = Release|x64
		Release|x86 = Release|x86
	EndGlobalSection
	GlobalSection(ProjectConfigurationPlatforms) = postSolution
		{DAB024DA-51AA-4585-B655-CC48D85796DF}.Debug|x64.ActiveCfg = Debug|x64
		{DAB024DA-51AA-4585-B655-CC48D85796DF}.Debug|x64.Build.0 = Debug|x64
		{DAB024DA-51AA-4585-B655-CC48D85796DF}.Debug|x86.ActiveCfg = Debug|Win32
		{DAB024DA-51AA-4585-B655-CC48D85796DF}.Debug|x86.Build.0 = Debug|Win32
		{DAB024DA-51AA-4585-B655-CC48D85796DF}.Release|x64.ActiveCfg = Release|x64
		{DAB024DA-51AA-4585-B655-CC48D85796DF}.Release|x64.Build.0 = Release|x64
		{DAB024DA-51AA-4585-B655-CC48D85796DF}.Release|x86.ActiveCfg = Release|Win32
		{DAB024DA-51AA-4585-B655-CC48D85796DF}.Release|x86.Build.0 = Release|Win32
		{26652B2A-DEAD-4C5C-B177-272217244A99}.Debug|x64.ActiveCfg = Debug|x64
		{26652B2A-DEAD-4C5C-B177-272217244A99}.Debug|x64.Build.0 = Debug|x64
		{26652B2A-DEAD-4C5C-B177-272217244A99}.Debug|x86.ActiveCfg = Debug|Win32
		{26652B2A-DEAD-4C5C-B177-272217244A99}.Debug|x86.Build.0 = Debug|Win32
		{26652B2A-DEAD-4C5C-B177-272217244A99}.Release|x64.ActiveCfg = Release|x64
		{26652B2A-DEAD-4C5C-B177-272217244A99}.Release|x64.Build.0 = Release|x64
		{26652B2A-DEAD-4C5C-B177-272217244A99}.Release|x86.ActiveCfg = Release|Win32
		{26652B2A-DEAD-4C5C-B177-272217244A99}.Release|x86.Build.0 = Release|Win32
		{4EF1A494-71FA-488B-9290-4620E020D246}.Debug|x64.ActiveCfg = Debug|x64
		{4EF1A494-71FA-488B-9290-4620E020D246}.Debug|x64.Build.0 = Debug|x64
		{4EF1A494-71FA-488B-9290-4620E020D246}.Debug|x86.ActiveCfg = Debug|Win32
		{4EF1A494-71FA-488B-9290-4620E020D246}.Debug|x86.Build.0 = Debug|Win32
		{4EF1A494-71FA-488B-9290-4620E020D246}.Release|x64.ActiveCfg = Release|x64
		{4EF1A494-71FA-488B-9290-4620E020D246}.Release|x64.Build.0 = Release|x64
		{4EF1A494-71FA-488B-9290-4620E020D246}.Release|x86.ActiveCfg = Release|Win32
		{4EF1A494-71FA-488B-9290-4620E020D246}.Release|x86.Build.0 = Release|Win32
		{FCB17D44-D819-437B-8D6F-14BAB6C77AB7}.Debug|x64.ActiveCfg = Debug|x64
		{FCB17D44-D819-437B-8D6F-14BAB6C77AB7}.Debug|x64.Build.0 = Debug|x64
		{FCB17D44-D819-437B-8D6F-14BAB6C77AB7}.Debug|x86.ActiveCfg = Debug|Win32
		{FCB17D44-D819-437B-8D6F-14BAB6C77AB7}.Debug|x86.Build.0 = Debug|Win32
		{FCB17D44-D819-437B-8D6F-14BAB6C77AB7}.Release|x64.ActiveCfg = Release|x64
		{FCB17D44-D819-437B-8D6F-14BAB6C77AB7}.Release|x64.Build.0 = Release|x64
		{FCB17D44-D819-437B-8D6F-14BAB6C77AB7}.Release|x86.ActiveCfg = Release|Win32
		{FCB17D44-D819-437B-8D6F-14BAB6C77AB7}.Release|x86.Build.0 = Release|Win32
		{EE2F61FA-B1A1-43A5-8B09-63FB1E0611C5}.Debug|x64.ActiveCfg = Debug|x64
		{EE2F61FA-B1A1-43A5-8B09-63FB1E0611C5}.Debug|x64.Build.0 = Debug|x64
		{EE2F61FA-B1A1-43A5-8B09-63FB1E0611C5}.Debug|x86.ActiveCfg = Debug|Win32
		{EE2F61FA-B1A1-43A5-8B09-63FB1E0611C5}.Debug|x86.Build.0 = Debug|Win32
		{EE2F61FA-B1A1-43A5-8B09-63FB1E0611C5}.Release|x64.ActiveCfg = Release|x64
		{EE2F61FA-B1A1-43A5-8B09-63FB1E0611C5}.Release|x64.Build.0 = Release|x64
		{EE2F61FA-B1A1-43A5-8B09-63FB1E0611C5}.Release|x86.ActiveCfg = Release|Win32
		{EE2F61FA-B1A1-43A5-8B09-63FB1E0611C5}.Release|x86.Build.0 = Release|Win32
		{4BBB7DF2-37E2-4538-B30E-810F86B87295}.Debug|x64.ActiveCfg = Debug|x64
		{4BBB7DF2-37E2-4538-B30E-810F86B87295}.Debug|x64.Build.0 = Debug|x64
		{4BBB7DF2-37E2-4538-B30E-810F86B87295}.Debug|x86.ActiveCfg = Debug|Win32
		{4BBB7DF2-37E2-4538-B30E-810F86B87295}.Debug|x86.Build.0 = Debug|Win32
		{4BBB7DF2-37E2-4538-B30E-810F86B87295}.Release|x64.ActiveCfg = Release|x64
		{4BBB7DF2-37E2-4538-B30E-810F86B87295}.Release|x64.Build.0 = Release|x64
		{4BBB7DF2-37E2-4538-B30E-810F86B87295}.Release|x86.ActiveCfg = Release|Win32
		{4BBB7DF2-37E2-4538-B30E-810F86B87295}.Release|x86.Build.0 = Release|Win32
	EndGlobalSection
	GlobalSection(SolutionProperties) = preSolution
		HideSolutionNode = FALSE
	EndGlobalSection
	GlobalSection(ExtensibilityGlobals) = postSolution
		SolutionGuid = {0BF4870B-8060-46DA-8D45-545F247668FC}
	EndGlobalSection
EndGlobal
